
Microsoft Visual Studio Solution File, Format Version 12.00
# Visual Studio Version 17
VisualStudioVersion = 17.6.33815.320
MinimumVisualStudioVersion = 10.0.40219.1
Project("{9A19103F-16F7-4668-BE54-9A1E7A4F7556}") = "RevealSdk.Server", "RevealSdk.Server.csproj", "{84010D1B-6959-4C07-B068-A19A9465DAF7}"
EndProject
Global
	GlobalSection(SolutionConfigurationPlatforms) = preSolution
		Debug|Any CPU = Debug|Any CPU
		Debug|x64 = Debug|x64
		Release|Any CPU = Release|Any CPU
		Release|x64 = Release|x64
	EndGlobalSection
	GlobalSection(ProjectConfigurationPlatforms) = postSolution
		{84010D1B-6959-4C07-B068-A19A9465DAF7}.Debug|Any CPU.ActiveCfg = Debug|x64
		{84010D1B-6959-4C07-B068-A19A9465DAF7}.Debug|Any CPU.Build.0 = Debug|x64
		{84010D1B-6959-4C07-B068-A19A9465DAF7}.Debug|x64.ActiveCfg = Debug|x64
		{84010D1B-6959-4C07-B068-A19A9465DAF7}.Debug|x64.Build.0 = Debug|x64
		{84010D1B-6959-4C07-B068-A19A9465DAF7}.Release|Any CPU.ActiveCfg = Release|Any CPU
		{84010D1B-6959-4C07-B068-A19A9465DAF7}.Release|Any CPU.Build.0 = Release|Any CPU
		{84010D1B-6959-4C07-B068-A19A9465DAF7}.Release|x64.ActiveCfg = Release|x64
		{84010D1B-6959-4C07-B068-A19A9465DAF7}.Release|x64.Build.0 = Release|x64
	EndGlobalSection
	GlobalSection(SolutionProperties) = preSolution
		HideSolutionNode = FALSE
	EndGlobalSection
	GlobalSection(ExtensibilityGlobals) = postSolution
		SolutionGuid = {CE948E39-6CBA-48E8-BC16-3238A8567C35}
	EndGlobalSection
EndGlobal
